{
	"name": "redi-project",
	"version": "1.0.0",
	"lockfileVersion": 2,
	"requires": true,
	"packages": {
		"": {
			"name": "redi-project",
			"version": "1.0.0",
			"license": "ISC",
			"dependencies": {
				"rich-date": "^0.0.15"
			}
		},
		"node_modules/rich-date": {
			"version": "0.0.15",
			"resolved": "https://registry.npmjs.org/rich-date/-/rich-date-0.0.15.tgz",
			"integrity": "sha512-B9toRi3NqdZcHtiQ70PbiaOcEA8junUUNKbKsgxf/ALwkVHmib9Qh9VF78ASLZxGPyeUcaXjOqcfaSpCbO4Elg=="
		}
	},
	"dependencies": {
		"rich-date": {
			"version": "0.0.15",
			"resolved": "https://registry.npmjs.org/rich-date/-/rich-date-0.0.15.tgz",
			"integrity": "sha512-B9toRi3NqdZcHtiQ70PbiaOcEA8junUUNKbKsgxf/ALwkVHmib9Qh9VF78ASLZxGPyeUcaXjOqcfaSpCbO4Elg=="
		}
	}
}
